
Microsoft Visual Studio Solution File, Format Version 12.00
# Visual Studio Version 16
VisualStudioVersion = 16.0.30804.86
MinimumVisualStudioVersion = 10.0.40219.1
Project("{FAE04EC0-301F-11D3-BF4B-00C04F79EFBC}") = "RefVeOutKeyWords", "RefVeOutKeyWords\RefVeOutKeyWords.csproj", "{3BB45E14-02CD-484D-A668-02742685D0DD}"
EndProject
Global
	GlobalSection(SolutionConfigurationPlatforms) = preSolution
		Debug|Any CPU = Debug|Any CPU
		Release|Any CPU = Release|Any CPU
	EndGlobalSection
	GlobalSection(ProjectConfigurationPlatforms) = postSolution
		{3BB45E14-02CD-484D-A668-02742685D0DD}.Debug|Any CPU.ActiveCfg = Debug|Any CPU
		{3BB45E14-02CD-484D-A668-02742685D0DD}.Debug|Any CPU.Build.0 = Debug|Any CPU
		{3BB45E14-02CD-484D-A668-02742685D0DD}.Release|Any CPU.ActiveCfg = Release|Any CPU
		{3BB45E14-02CD-484D-A668-02742685D0DD}.Release|Any CPU.Build.0 = Release|Any CPU
	EndGlobalSection
	GlobalSection(SolutionProperties) = preSolution
		HideSolutionNode = FALSE
	EndGlobalSection
	GlobalSection(ExtensibilityGlobals) = postSolution
		SolutionGuid = {E4CD5D50-49FF-44E9-93FB-9A4381C2B304}
	EndGlobalSection
EndGlobal
